
Microsoft Visual Studio Solution File, Format Version 12.00
# Visual Studio Version 17
VisualStudioVersion = 17.9.34723.18
MinimumVisualStudioVersion = 10.0.40219.1
Project("{9A19103F-16F7-4668-BE54-9A1E7A4F7556}") = "UsersApi", "UsersApi\UsersApi.csproj", "{0E795966-CE01-4225-9A8E-467E5C50D85E}"
EndProject
Project("{9A19103F-16F7-4668-BE54-9A1E7A4F7556}") = "MenuApi", "MenuApi\MenuApi.csproj", "{493962B2-7A66-47AD-AA87-3DE9CDC2F28A}"
EndProject
Project("{FAE04EC0-301F-11D3-BF4B-00C04F79EFBC}") = "DeliveryApi", "DeliveryApi\DeliveryApi.csproj", "{A38BDBD0-E13C-4094-AD29-44B1CB4821EA}"
EndProject
Global
	GlobalSection(SolutionConfigurationPlatforms) = preSolution
		Debug|Any CPU = Debug|Any CPU
		Release|Any CPU = Release|Any CPU
	EndGlobalSection
	GlobalSection(ProjectConfigurationPlatforms) = postSolution
		{0E795966-CE01-4225-9A8E-467E5C50D85E}.Debug|Any CPU.ActiveCfg = Debug|Any CPU
		{0E795966-CE01-4225-9A8E-467E5C50D85E}.Debug|Any CPU.Build.0 = Debug|Any CPU
		{0E795966-CE01-4225-9A8E-467E5C50D85E}.Release|Any CPU.ActiveCfg = Release|Any CPU
		{0E795966-CE01-4225-9A8E-467E5C50D85E}.Release|Any CPU.Build.0 = Release|Any CPU
		{493962B2-7A66-47AD-AA87-3DE9CDC2F28A}.Debug|Any CPU.ActiveCfg = Debug|Any CPU
		{493962B2-7A66-47AD-AA87-3DE9CDC2F28A}.Debug|Any CPU.Build.0 = Debug|Any CPU
		{493962B2-7A66-47AD-AA87-3DE9CDC2F28A}.Release|Any CPU.ActiveCfg = Release|Any CPU
		{493962B2-7A66-47AD-AA87-3DE9CDC2F28A}.Release|Any CPU.Build.0 = Release|Any CPU
		{A38BDBD0-E13C-4094-AD29-44B1CB4821EA}.Debug|Any CPU.ActiveCfg = Debug|Any CPU
		{A38BDBD0-E13C-4094-AD29-44B1CB4821EA}.Debug|Any CPU.Build.0 = Debug|Any CPU
		{A38BDBD0-E13C-4094-AD29-44B1CB4821EA}.Release|Any CPU.ActiveCfg = Release|Any CPU
		{A38BDBD0-E13C-4094-AD29-44B1CB4821EA}.Release|Any CPU.Build.0 = Release|Any CPU
	EndGlobalSection
	GlobalSection(SolutionProperties) = preSolution
		HideSolutionNode = FALSE
	EndGlobalSection
	GlobalSection(ExtensibilityGlobals) = postSolution
		SolutionGuid = {F1523B7F-D52B-474B-A666-741E4D18DFD8}
	EndGlobalSection
EndGlobal
